<Solution>
  <Project Path="Festival.Controller/Festival.Controller.csproj" />
  <Project Path="Festival.Domain/Festival.Domain.csproj" />
  <Project Path="Festival.Main/Festival.Main.csproj" Id="eb64e195-3f99-4ec9-ac95-20d76e4b6f74" />
  <Project Path="Festival.Repository/Festival.Repository.csproj" Id="a8d21156-a467-48b1-be99-0fcaf405c960" />
  <Project Path="Festival.Service/Festival.Service.csproj" />
</Solution>
